github.com/go-gost/x v0.0.0-20240131151842-25dcf536c6f5 h1:IiZLdqGMx0lGVbDBy/N9LPu10qSlxm939EBvZ77qJNI=
github.com/go-gost/x v0.0.0-20240131151842-25dcf536c6f5/go.mod h1:FDqjiiPbCqJLU/wY+q2IZCBVcYnfTJTw+SJLrspLQms=
github.com/vishvananda/netns v0.0.4 h1:Oeaw1EM2JMxD51g9uhtC0D7erkIjgmj8+JZc26m1YX8=
github.com/vishvananda/netns v0.0.4/go.mod h1:SpkAiCQRtJ6TvvxPnOSyH3BMl6unz3xZlaprSwhNNJM=
golang.org/x/sys v0.21.0 h1:rF+pYz3DAGSQAxAu1CbC7catZg4ebC4UIeIhKxBZvws=
golang.org/x/sys v0.21.0/go.mod h1:/VUhepiaJMQUp4+oa/7Zr1D23ma6VTLIYjOOTFZPUcA=
